# PRM-001 pre-registration lock (rex-prereg-v2) over spec PRM-001 v3. Written by PRM-00b; v1 had 0 data rows.
# A mismatch against the tree is a new spec version (R-1), never an edit here.
spec_s2_s5=f53db26dee2d5f66ab597f2da012fa13a87a0a5002532b267a28091f0e5626f7
stats_rs=abb51113c5971f9460f8c990fdb58094ca04943cbdb863f00a916472d9b088cc
analysis_plan=2b84b3b0026300364bdcf09e66967a25c43dc47749abf790f7c238380e9f2969
prompt_v1=dd9d67c2df458d92d66aed65fd7f3f6f2e5602499c05e6b0967465b9bd2662e6
prereg_sha=f0b4e4ac07e605e313e61ce5efa9e43f7339ca5a5e5275b0d5f06b0277011041
